
Microsoft Visual Studio Solution File, Format Version 12.00
# Visual Studio Version 17
VisualStudioVersion = 17.5.002.0
MinimumVisualStudioVersion = 10.0.40219.1
Project("{9A19103F-16F7-4668-BE54-9A1E7A4F7556}") = "UserService.Tests", "UserService.Tests.csproj", "{522309DA-BFDD-4FE7-9A06-900FA5139780}"
EndProject
Global
	GlobalSection(SolutionConfigurationPlatforms) = preSolution
		Debug|Any CPU = Debug|Any CPU
		Release|Any CPU = Release|Any CPU
	EndGlobalSection
	GlobalSection(ProjectConfigurationPlatforms) = postSolution
		{522309DA-BFDD-4FE7-9A06-900FA5139780}.Debug|Any CPU.ActiveCfg = Debug|Any CPU
		{522309DA-BFDD-4FE7-9A06-900FA5139780}.Debug|Any CPU.Build.0 = Debug|Any CPU
		{522309DA-BFDD-4FE7-9A06-900FA5139780}.Release|Any CPU.ActiveCfg = Release|Any CPU
		{522309DA-BFDD-4FE7-9A06-900FA5139780}.Release|Any CPU.Build.0 = Release|Any CPU
	EndGlobalSection
	GlobalSection(SolutionProperties) = preSolution
		HideSolutionNode = FALSE
	EndGlobalSection
	GlobalSection(ExtensibilityGlobals) = postSolution
		SolutionGuid = {7398615D-1B09-4407-828E-C73ADD54FE8C}
	EndGlobalSection
EndGlobal
